// !$*UTF8*$!
{
	archiveVersion = 1;
	classes = {
	};
	objectVersion = 46;
	objects = {

/* Begin PBXBuildFile section */
		6A359DB51F5A6178006F2E92 /* PopUpLoser.xib in Resources */ = {isa = PBXBuildFile; fileRef = 6A359DB41F5A6178006F2E92 /* PopUpLoser.xib */; };
		6A359DB71F5B032B006F2E92 /* PopUpView.swift in Sources */ = {isa = PBXBuildFile; fileRef = 6A359DB61F5B032B006F2E92 /* PopUpView.swift */; };
		6A5931EB1E932362006FBB2E /* BLKCHCRY.TTF in Resources */ = {isa = PBXBuildFile; fileRef = 6A5931E91E92EE2B006FBB2E /* BLKCHCRY.TTF */; };
		6AEF2B6C1E9288A500CE465E /* AppDelegate.swift in Sources */ = {isa = PBXBuildFile; fileRef = 6AEF2B6B1E9288A500CE465E /* AppDelegate.swift */; };
		6AEF2B6E1E9288A500CE465E /* GameScene.sks in Resources */ = {isa = PBXBuildFile; fileRef = 6AEF2B6D1E9288A500CE465E /* GameScene.sks */; };
		6AEF2B701E9288A500CE465E /* Actions.sks in Resources */ = {isa = PBXBuildFile; fileRef = 6AEF2B6F1E9288A500CE465E /* Actions.sks */; };
		6AEF2B721E9288A500CE465E /* GameScene.swift in Sources */ = {isa = PBXBuildFile; fileRef = 6AEF2B711E9288A500CE465E /* GameScene.swift */; };
		6AEF2B741E9288A500CE465E /* GameViewController.swift in Sources */ = {isa = PBXBuildFile; fileRef = 6AEF2B731E9288A500CE465E /* GameViewController.swift */; };
		6AEF2B771E9288A500CE465E /* Main.storyboard in Resources */ = {isa = PBXBuildFile; fileRef = 6AEF2B751E9288A500CE465E /* Main.storyboard */; };
		6AEF2B791E9288A500CE465E /* Assets.xcassets in Resources */ = {isa = PBXBuildFile; fileRef = 6AEF2B781E9288A500CE465E /* Assets.xcassets */; };
		6AEF2B7C1E9288A500CE465E /* LaunchScreen.storyboard in Resources */ = {isa = PBXBuildFile; fileRef = 6AEF2B7A1E9288A500CE465E /* LaunchScreen.storyboard */; };
		6AEF2B841E92933400CE465E /* MenuController.swift in Sources */ = {isa = PBXBuildFile; fileRef = 6AEF2B831E92933400CE465E /* MenuController.swift */; };
		6AEF2B9F1E92967500CE465E /* ArielNode.swift in Sources */ = {isa = PBXBuildFile; fileRef = 6AEF2B851E92967500CE465E /* ArielNode.swift */; };
		6AEF2BA01E92967500CE465E /* CenterCollectionViewCellFlowLayout.swift in Sources */ = {isa = PBXBuildFile; fileRef = 6AEF2B861E92967500CE465E /* CenterCollectionViewCellFlowLayout.swift */; };
		6AEF2BA11E92967500CE465E /* CommingSoonViewController.swift in Sources */ = {isa = PBXBuildFile; fileRef = 6AEF2B871E92967500CE465E /* CommingSoonViewController.swift */; };
		6AEF2BA21E92967500CE465E /* ContinueSoonScene.sks in Resources */ = {isa = PBXBuildFile; fileRef = 6AEF2B881E92967500CE465E /* ContinueSoonScene.sks */; };
		6AEF2BA31E92967500CE465E /* ContinueSoonScene.swift in Sources */ = {isa = PBXBuildFile; fileRef = 6AEF2B891E92967500CE465E /* ContinueSoonScene.swift */; };
		6AEF2BA41E92967500CE465E /* crystal.mp3 in Resources */ = {isa = PBXBuildFile; fileRef = 6AEF2B8A1E92967500CE465E /* crystal.mp3 */; };
		6AEF2BA51E92967500CE465E /* crystalshoot.mp3 in Resources */ = {isa = PBXBuildFile; fileRef = 6AEF2B8B1E92967500CE465E /* crystalshoot.mp3 */; };
		6AEF2BA61E92967500CE465E /* crystalsky.mp3 in Resources */ = {isa = PBXBuildFile; fileRef = 6AEF2B8C1E92967500CE465E /* crystalsky.mp3 */; };
		6AEF2BA71E92967500CE465E /* game.json in Resources */ = {isa = PBXBuildFile; fileRef = 6AEF2B8D1E92967500CE465E /* game.json */; };
		6AEF2BA81E92967500CE465E /* GameLoadManager.swift in Sources */ = {isa = PBXBuildFile; fileRef = 6AEF2B8E1E92967500CE465E /* GameLoadManager.swift */; };
		6AEF2BA91E92967500CE465E /* GameManager.swift in Sources */ = {isa = PBXBuildFile; fileRef = 6AEF2B8F1E92967500CE465E /* GameManager.swift */; };
		6AEF2BAB1E92967500CE465E /* Glass.sks in Resources */ = {isa = PBXBuildFile; fileRef = 6AEF2B911E92967500CE465E /* Glass.sks */; };
		6AEF2BAD1E92967500CE465E /* musicacristal.mp3 in Resources */ = {isa = PBXBuildFile; fileRef = 6AEF2B931E92967500CE465E /* musicacristal.mp3 */; };
		6AEF2BAE1E92967500CE465E /* MyParticle2.sks in Resources */ = {isa = PBXBuildFile; fileRef = 6AEF2B941E92967500CE465E /* MyParticle2.sks */; };
		6AEF2BAF1E92967500CE465E /* NodeObstacle.swift in Sources */ = {isa = PBXBuildFile; fileRef = 6AEF2B951E92967500CE465E /* NodeObstacle.swift */; };
		6AEF2BB01E92967500CE465E /* Obstacle.swift in Sources */ = {isa = PBXBuildFile; fileRef = 6AEF2B961E92967500CE465E /* Obstacle.swift */; };
		6AEF2BB11E92967500CE465E /* Platform.sks in Resources */ = {isa = PBXBuildFile; fileRef = 6AEF2B971E92967500CE465E /* Platform.sks */; };
		6AEF2BB21E92967500CE465E /* PlatformModel.swift in Sources */ = {isa = PBXBuildFile; fileRef = 6AEF2B981E92967500CE465E /* PlatformModel.swift */; };
		6AEF2BB31E92967500CE465E /* PlatformNode.swift in Sources */ = {isa = PBXBuildFile; fileRef = 6AEF2B991E92967500CE465E /* PlatformNode.swift */; };
		6AEF2BB41E92967500CE465E /* Shine.sks in Resources */ = {isa = PBXBuildFile; fileRef = 6AEF2B9A1E92967500CE465E /* Shine.sks */; };
		6AEF2BB51E92967500CE465E /* stageSelectCell.swift in Sources */ = {isa = PBXBuildFile; fileRef = 6AEF2B9B1E92967500CE465E /* stageSelectCell.swift */; };
		6AEF2BB61E92967500CE465E /* StageSelectController.swift in Sources */ = {isa = PBXBuildFile; fileRef = 6AEF2B9C1E92967500CE465E /* StageSelectController.swift */; };
		6AEF2BB71E92967500CE465E /* StoneModel.swift in Sources */ = {isa = PBXBuildFile; fileRef = 6AEF2B9D1E92967500CE465E /* StoneModel.swift */; };
		6AEF2BB81E92967500CE465E /* StoneNode.swift in Sources */ = {isa = PBXBuildFile; fileRef = 6AEF2B9E1E92967500CE465E /* StoneNode.swift */; };
/* End PBXBuildFile section */

/* Begin PBXFileReference section */
		6A359DB41F5A6178006F2E92 /* PopUpLoser.xib */ = {isa = PBXFileReference; fileEncoding = 4; lastKnownFileType = file.xib; path = PopUpLoser.xib; sourceTree = "<group>"; };
		6A359DB61F5B032B006F2E92 /* PopUpView.swift */ = {isa = PBXFileReference; fileEncoding = 4; lastKnownFileType = sourcecode.swift; path = PopUpView.swift; sourceTree = "<group>"; };
		6A5931E91E92EE2B006FBB2E /* BLKCHCRY.TTF */ = {isa = PBXFileReference; lastKnownFileType = file; path = BLKCHCRY.TTF; sourceTree = "<group>"; };
		6AEF2B681E9288A500CE465E /* WanderSky.app */ = {isa = PBXFileReference; explicitFileType = wrapper.application; includeInIndex = 0; path = WanderSky.app; sourceTree = BUILT_PRODUCTS_DIR; };
		6AEF2B6B1E9288A500CE465E /* AppDelegate.swift */ = {isa = PBXFileReference; lastKnownFileType = sourcecode.swift; path = AppDelegate.swift; sourceTree = "<group>"; };
		6AEF2B6D1E9288A500CE465E /* GameScene.sks */ = {isa = PBXFileReference; lastKnownFileType = file.sks; path = GameScene.sks; sourceTree = "<group>"; };
		6AEF2B6F1E9288A500CE465E /* Actions.sks */ = {isa = PBXFileReference; lastKnownFileType = file.sks; path = Actions.sks; sourceTree = "<group>"; };
		6AEF2B711E9288A500CE465E /* GameScene.swift */ = {isa = PBXFileReference; lastKnownFileType = sourcecode.swift; path = GameScene.swift; sourceTree = "<group>"; };
		6AEF2B731E9288A500CE465E /* GameViewController.swift */ = {isa = PBXFileReference; lastKnownFileType = sourcecode.swift; path = GameViewController.swift; sourceTree = "<group>"; };
		6AEF2B761E9288A500CE465E /* Base */ = {isa = PBXFileReference; lastKnownFileType = file.storyboard; name = Base; path = Base.lproj/Main.storyboard; sourceTree = "<group>"; };
		6AEF2B781E9288A500CE465E /* Assets.xcassets */ = {isa = PBXFileReference; lastKnownFileType = folder.assetcatalog; path = Assets.xcassets; sourceTree = "<group>"; };
		6AEF2B7B1E9288A500CE465E /* Base */ = {isa = PBXFileReference; lastKnownFileType = file.storyboard; name = Base; path = Base.lproj/LaunchScreen.storyboard; sourceTree = "<group>"; };
		6AEF2B7D1E9288A500CE465E /* Info.plist */ = {isa = PBXFileReference; lastKnownFileType = text.plist.xml; path = Info.plist; sourceTree = "<group>"; };
		6AEF2B831E92933400CE465E /* MenuController.swift */ = {isa = PBXFileReference; fileEncoding = 4; lastKnownFileType = sourcecode.swift; path = MenuController.swift; sourceTree = "<group>"; };
		6AEF2B851E92967500CE465E /* ArielNode.swift */ = {isa = PBXFileReference; fileEncoding = 4; lastKnownFileType = sourcecode.swift; path = ArielNode.swift; sourceTree = "<group>"; };
		6AEF2B861E92967500CE465E /* CenterCollectionViewCellFlowLayout.swift */ = {isa = PBXFileReference; fileEncoding = 4; lastKnownFileType = sourcecode.swift; path = CenterCollectionViewCellFlowLayout.swift; sourceTree = "<group>"; };
		6AEF2B871E92967500CE465E /* CommingSoonViewController.swift */ = {isa = PBXFileReference; fileEncoding = 4; lastKnownFileType = sourcecode.swift; path = CommingSoonViewController.swift; sourceTree = "<group>"; };
		6AEF2B881E92967500CE465E /* ContinueSoonScene.sks */ = {isa = PBXFileReference; lastKnownFileType = file.sks; path = ContinueSoonScene.sks; sourceTree = "<group>"; };
		6AEF2B891E92967500CE465E /* ContinueSoonScene.swift */ = {isa = PBXFileReference; fileEncoding = 4; lastKnownFileType = sourcecode.swift; path = ContinueSoonScene.swift; sourceTree = "<group>"; };
		6AEF2B8A1E92967500CE465E /* crystal.mp3 */ = {isa = PBXFileReference; lastKnownFileType = audio.mp3; name = crystal.mp3; path = WanderSky/crystal.mp3; sourceTree = "<group>"; };
		6AEF2B8B1E92967500CE465E /* crystalshoot.mp3 */ = {isa = PBXFileReference; lastKnownFileType = audio.mp3; name = crystalshoot.mp3; path = WanderSky/crystalshoot.mp3; sourceTree = "<group>"; };
		6AEF2B8C1E92967500CE465E /* crystalsky.mp3 */ = {isa = PBXFileReference; lastKnownFileType = audio.mp3; name = crystalsky.mp3; path = WanderSky/crystalsky.mp3; sourceTree = "<group>"; };
		6AEF2B8D1E92967500CE465E /* game.json */ = {isa = PBXFileReference; fileEncoding = 4; lastKnownFileType = text.json; name = game.json; path = WanderSky/game.json; sourceTree = "<group>"; };
		6AEF2B8E1E92967500CE465E /* GameLoadManager.swift */ = {isa = PBXFileReference; fileEncoding = 4; lastKnownFileType = sourcecode.swift; path = GameLoadManager.swift; sourceTree = "<group>"; };
		6AEF2B8F1E92967500CE465E /* GameManager.swift */ = {isa = PBXFileReference; fileEncoding = 4; lastKnownFileType = sourcecode.swift; path = GameManager.swift; sourceTree = "<group>"; };
		6AEF2B911E92967500CE465E /* Glass.sks */ = {isa = PBXFileReference; lastKnownFileType = file.sks; path = Glass.sks; sourceTree = "<group>"; };
		6AEF2B931E92967500CE465E /* musicacristal.mp3 */ = {isa = PBXFileReference; lastKnownFileType = audio.mp3; name = musicacristal.mp3; path = WanderSky/musicacristal.mp3; sourceTree = "<group>"; };
		6AEF2B941E92967500CE465E /* MyParticle2.sks */ = {isa = PBXFileReference; lastKnownFileType = file.sks; path = MyParticle2.sks; sourceTree = "<group>"; };
		6AEF2B951E92967500CE465E /* NodeObstacle.swift */ = {isa = PBXFileReference; fileEncoding = 4; lastKnownFileType = sourcecode.swift; path = NodeObstacle.swift; sourceTree = "<group>"; };
		6AEF2B961E92967500CE465E /* Obstacle.swift */ = {isa = PBXFileReference; fileEncoding = 4; lastKnownFileType = sourcecode.swift; path = Obstacle.swift; sourceTree = "<group>"; };
		6AEF2B971E92967500CE465E /* Platform.sks */ = {isa = PBXFileReference; lastKnownFileType = file.sks; path = Platform.sks; sourceTree = "<group>"; };
		6AEF2B981E92967500CE465E /* PlatformModel.swift */ = {isa = PBXFileReference; fileEncoding = 4; lastKnownFileType = sourcecode.swift; path = PlatformModel.swift; sourceTree = "<group>"; };
		6AEF2B991E92967500CE465E /* PlatformNode.swift */ = {isa = PBXFileReference; fileEncoding = 4; lastKnownFileType = sourcecode.swift; path = PlatformNode.swift; sourceTree = "<group>"; };
		6AEF2B9A1E92967500CE465E /* Shine.sks */ = {isa = PBXFileReference; lastKnownFileType = file.sks; path = Shine.sks; sourceTree = "<group>"; };
		6AEF2B9B1E92967500CE465E /* stageSelectCell.swift */ = {isa = PBXFileReference; fileEncoding = 4; lastKnownFileType = sourcecode.swift; path = stageSelectCell.swift; sourceTree = "<group>"; };
		6AEF2B9C1E92967500CE465E /* StageSelectController.swift */ = {isa = PBXFileReference; fileEncoding = 4; lastKnownFileType = sourcecode.swift; path = StageSelectController.swift; sourceTree = "<group>"; };
		6AEF2B9D1E92967500CE465E /* StoneModel.swift */ = {isa = PBXFileReference; fileEncoding = 4; lastKnownFileType = sourcecode.swift; path = StoneModel.swift; sourceTree = "<group>"; };
		6AEF2B9E1E92967500CE465E /* StoneNode.swift */ = {isa = PBXFileReference; fileEncoding = 4; lastKnownFileType = sourcecode.swift; path = StoneNode.swift; sourceTree = "<group>"; };
/* End PBXFileReference section */

/* Begin PBXFrameworksBuildPhase section */
		6AEF2B651E9288A500CE465E /* Frameworks */ = {
			isa = PBXFrameworksBuildPhase;
			buildActionMask = 2147483647;
			files = (
			);
			runOnlyForDeploymentPostprocessing = 0;
		};
/* End PBXFrameworksBuildPhase section */

/* Begin PBXGroup section */
		6AEF2B5F1E9288A500CE465E = {
			isa = PBXGroup;
			children = (
				6A5931E91E92EE2B006FBB2E /* BLKCHCRY.TTF */,
				6AEF2B8C1E92967500CE465E /* crystalsky.mp3 */,
				6AEF2B8B1E92967500CE465E /* crystalshoot.mp3 */,
				6AEF2B8A1E92967500CE465E /* crystal.mp3 */,
				6AEF2B931E92967500CE465E /* musicacristal.mp3 */,
				6AEF2B8D1E92967500CE465E /* game.json */,
				6AEF2B6A1E9288A500CE465E /* WanderSky */,
				6AEF2B691E9288A500CE465E /* Products */,
			);
			sourceTree = "<group>";
		};
		6AEF2B691E9288A500CE465E /* Products */ = {
			isa = PBXGroup;
			children = (
				6AEF2B681E9288A500CE465E /* WanderSky.app */,
			);
			name = Products;
			sourceTree = "<group>";
		};
		6AEF2B6A1E9288A500CE465E /* WanderSky */ = {
			isa = PBXGroup;
			children = (
				6AEF2B6B1E9288A500CE465E /* AppDelegate.swift */,
				6AEF2B6D1E9288A500CE465E /* GameScene.sks */,
				6AEF2BB91E9296A000CE465E /* Emitters */,
				6AEF2BBA1E9296B100CE465E /* Controller */,
				6AEF2BBB1E9296C200CE465E /* Node */,
				6AEF2BBC1E9296CC00CE465E /* Manager */,
				6AEF2BBD1E9296DA00CE465E /* Model */,
				6AEF2BBE1E9296E300CE465E /* Scene */,
				6AEF2B751E9288A500CE465E /* Main.storyboard */,
				6A359DB41F5A6178006F2E92 /* PopUpLoser.xib */,
				6AEF2B781E9288A500CE465E /* Assets.xcassets */,
				6AEF2B7A1E9288A500CE465E /* LaunchScreen.storyboard */,
				6AEF2B7D1E9288A500CE465E /* Info.plist */,
			);
			path = WanderSky;
			sourceTree = "<group>";
		};
		6AEF2BB91E9296A000CE465E /* Emitters */ = {
			isa = PBXGroup;
			children = (
				6AEF2B911E92967500CE465E /* Glass.sks */,
				6AEF2B9A1E92967500CE465E /* Shine.sks */,
			);
			name = Emitters;
			sourceTree = "<group>";
		};
		6AEF2BBA1E9296B100CE465E /* Controller */ = {
			isa = PBXGroup;
			children = (
				6AEF2B731E9288A500CE465E /* GameViewController.swift */,
				6AEF2B831E92933400CE465E /* MenuController.swift */,
				6AEF2B871E92967500CE465E /* CommingSoonViewController.swift */,
				6AEF2B9B1E92967500CE465E /* stageSelectCell.swift */,
				6AEF2B9C1E92967500CE465E /* StageSelectController.swift */,
				6AEF2B861E92967500CE465E /* CenterCollectionViewCellFlowLayout.swift */,
			);
			name = Controller;
			sourceTree = "<group>";
		};
		6AEF2BBB1E9296C200CE465E /* Node */ = {
			isa = PBXGroup;
			children = (
				6AEF2B851E92967500CE465E /* ArielNode.swift */,
				6AEF2B991E92967500CE465E /* PlatformNode.swift */,
				6AEF2B9E1E92967500CE465E /* StoneNode.swift */,
				6AEF2B951E92967500CE465E /* NodeObstacle.swift */,
			);
			name = Node;
			sourceTree = "<group>";
		};
		6AEF2BBC1E9296CC00CE465E /* Manager */ = {
			isa = PBXGroup;
			children = (
				6AEF2B8E1E92967500CE465E /* GameLoadManager.swift */,
				6AEF2B8F1E92967500CE465E /* GameManager.swift */,
			);
			name = Manager;
			sourceTree = "<group>";
		};
		6AEF2BBD1E9296DA00CE465E /* Model */ = {
			isa = PBXGroup;
			children = (
				6AEF2B961E92967500CE465E /* Obstacle.swift */,
				6AEF2B981E92967500CE465E /* PlatformModel.swift */,
				6AEF2B9D1E92967500CE465E /* StoneModel.swift */,
			);
			name = Model;
			sourceTree = "<group>";
		};
		6AEF2BBE1E9296E300CE465E /* Scene */ = {
			isa = PBXGroup;
			children = (
				6AEF2BBF1E9297AC00CE465E /* View */,
				6AEF2BC01E9297B300CE465E /* SKS */,
			);
			name = Scene;
			sourceTree = "<group>";
		};
		6AEF2BBF1E9297AC00CE465E /* View */ = {
			isa = PBXGroup;
			children = (
				6AEF2B891E92967500CE465E /* ContinueSoonScene.swift */,
				6AEF2B711E9288A500CE465E /* GameScene.swift */,
				6A359DB61F5B032B006F2E92 /* PopUpView.swift */,
			);
			name = View;
			sourceTree = "<group>";
		};
		6AEF2BC01E9297B300CE465E /* SKS */ = {
			isa = PBXGroup;
			children = (
				6AEF2B6F1E9288A500CE465E /* Actions.sks */,
				6AEF2B881E92967500CE465E /* ContinueSoonScene.sks */,
				6AEF2B941E92967500CE465E /* MyParticle2.sks */,
				6AEF2B971E92967500CE465E /* Platform.sks */,
			);
			name = SKS;
			sourceTree = "<group>";
		};
/* End PBXGroup section */

/* Begin PBXNativeTarget section */
		6AEF2B671E9288A500CE465E /* WanderSky */ = {
			isa = PBXNativeTarget;
			buildConfigurationList = 6AEF2B801E9288A500CE465E /* Build configuration list for PBXNativeTarget "WanderSky" */;
			buildPhases = (
				6AEF2B641E9288A500CE465E /* Sources */,
				6AEF2B651E9288A500CE465E /* Frameworks */,
				6AEF2B661E9288A500CE465E /* Resources */,
			);
			buildRules = (
			);
			dependencies = (
			);
			name = WanderSky;
			productName = WanderSky;
			productReference = 6AEF2B681E9288A500CE465E /* WanderSky.app */;
			productType = "com.apple.product-type.application";
		};
/* End PBXNativeTarget section */

/* Begin PBXProject section */
		6AEF2B601E9288A500CE465E /* Project object */ = {
			isa = PBXProject;
			attributes = {
				LastSwiftUpdateCheck = 0820;
				LastUpgradeCheck = 0820;
				ORGANIZATIONNAME = "Tiago Queiroz";
				TargetAttributes = {
					6AEF2B671E9288A500CE465E = {
						CreatedOnToolsVersion = 8.2;
						DevelopmentTeam = Q922D8LNNZ;
						ProvisioningStyle = Automatic;
					};
				};
			};
			buildConfigurationList = 6AEF2B631E9288A500CE465E /* Build configuration list for PBXProject "WanderSky" */;
			compatibilityVersion = "Xcode 3.2";
			developmentRegion = English;
			hasScannedForEncodings = 0;
			knownRegions = (
				en,
				Base,
			);
			mainGroup = 6AEF2B5F1E9288A500CE465E;
			productRefGroup = 6AEF2B691E9288A500CE465E /* Products */;
			projectDirPath = "";
			projectRoot = "";
			targets = (
				6AEF2B671E9288A500CE465E /* WanderSky */,
			);
		};
/* End PBXProject section */

/* Begin PBXResourcesBuildPhase section */
		6AEF2B661E9288A500CE465E /* Resources */ = {
			isa = PBXResourcesBuildPhase;
			buildActionMask = 2147483647;
			files = (
				6AEF2BB11E92967500CE465E /* Platform.sks in Resources */,
				6AEF2B771E9288A500CE465E /* Main.storyboard in Resources */,
				6AEF2BA41E92967500CE465E /* crystal.mp3 in Resources */,
				6AEF2B6E1E9288A500CE465E /* GameScene.sks in Resources */,
				6AEF2B791E9288A500CE465E /* Assets.xcassets in Resources */,
				6AEF2BA61E92967500CE465E /* crystalsky.mp3 in Resources */,
				6AEF2B7C1E9288A500CE465E /* LaunchScreen.storyboard in Resources */,
				6AEF2BA51E92967500CE465E /* crystalshoot.mp3 in Resources */,
				6AEF2BB41E92967500CE465E /* Shine.sks in Resources */,
				6AEF2BA21E92967500CE465E /* ContinueSoonScene.sks in Resources */,
				6A5931EB1E932362006FBB2E /* BLKCHCRY.TTF in Resources */,
				6A359DB51F5A6178006F2E92 /* PopUpLoser.xib in Resources */,
				6AEF2B701E9288A500CE465E /* Actions.sks in Resources */,
				6AEF2BAE1E92967500CE465E /* MyParticle2.sks in Resources */,
				6AEF2BAB1E92967500CE465E /* Glass.sks in Resources */,
				6AEF2BA71E92967500CE465E /* game.json in Resources */,
				6AEF2BAD1E92967500CE465E /* musicacristal.mp3 in Resources */,
			);
			runOnlyForDeploymentPostprocessing = 0;
		};
/* End PBXResourcesBuildPhase section */

/* Begin PBXSourcesBuildPhase section */
		6AEF2B641E9288A500CE465E /* Sources */ = {
			isa = PBXSourcesBuildPhase;
			buildActionMask = 2147483647;
			files = (
				6AEF2BB01E92967500CE465E /* Obstacle.swift in Sources */,
				6AEF2BB21E92967500CE465E /* PlatformModel.swift in Sources */,
				6AEF2B841E92933400CE465E /* MenuController.swift in Sources */,
				6AEF2BA11E92967500CE465E /* CommingSoonViewController.swift in Sources */,
				6AEF2BB61E92967500CE465E /* StageSelectController.swift in Sources */,
				6AEF2B721E9288A500CE465E /* GameScene.swift in Sources */,
				6AEF2BB71E92967500CE465E /* StoneModel.swift in Sources */,
				6AEF2B741E9288A500CE465E /* GameViewController.swift in Sources */,
				6AEF2BB51E92967500CE465E /* stageSelectCell.swift in Sources */,
				6AEF2BA81E92967500CE465E /* GameLoadManager.swift in Sources */,
				6AEF2BB31E92967500CE465E /* PlatformNode.swift in Sources */,
				6AEF2BB81E92967500CE465E /* StoneNode.swift in Sources */,
				6AEF2BA31E92967500CE465E /* ContinueSoonScene.swift in Sources */,
				6AEF2B9F1E92967500CE465E /* ArielNode.swift in Sources */,
				6AEF2B6C1E9288A500CE465E /* AppDelegate.swift in Sources */,
				6A359DB71F5B032B006F2E92 /* PopUpView.swift in Sources */,
				6AEF2BA01E92967500CE465E /* CenterCollectionViewCellFlowLayout.swift in Sources */,
				6AEF2BA91E92967500CE465E /* GameManager.swift in Sources */,
				6AEF2BAF1E92967500CE465E /* NodeObstacle.swift in Sources */,
			);
			runOnlyForDeploymentPostprocessing = 0;
		};
/* End PBXSourcesBuildPhase section */

/* Begin PBXVariantGroup section */
		6AEF2B751E9288A500CE465E /* Main.storyboard */ = {
			isa = PBXVariantGroup;
			children = (
				6AEF2B761E9288A500CE465E /* Base */,
			);
			name = Main.storyboard;
			sourceTree = "<group>";
		};
		6AEF2B7A1E9288A500CE465E /* LaunchScreen.storyboard */ = {
			isa = PBXVariantGroup;
			children = (
				6AEF2B7B1E9288A500CE465E /* Base */,
			);
			name = LaunchScreen.storyboard;
			sourceTree = "<group>";
		};
/* End PBXVariantGroup section */

/* Begin XCBuildConfiguration section */
		6AEF2B7E1E9288A500CE465E /* Debug */ = {
			isa = XCBuildConfiguration;
			buildSettings = {
				ALWAYS_SEARCH_USER_PATHS = NO;
				CLANG_ANALYZER_NONNULL = YES;
				CLANG_CXX_LANGUAGE_STANDARD = "gnu++0x";
				CLANG_CXX_LIBRARY = "libc++";
				CLANG_ENABLE_MODULES = YES;
				CLANG_ENABLE_OBJC_ARC = YES;
				CLANG_WARN_BOOL_CONVERSION = YES;
				CLANG_WARN_CONSTANT_CONVERSION = YES;
				CLANG_WARN_DIRECT_OBJC_ISA_USAGE = YES_ERROR;
				CLANG_WARN_DOCUMENTATION_COMMENTS = YES;
				CLANG_WARN_EMPTY_BODY = YES;
				CLANG_WARN_ENUM_CONVERSION = YES;
				CLANG_WARN_INFINITE_RECURSION = YES;
				CLANG_WARN_INT_CONVERSION = YES;
				CLANG_WARN_OBJC_ROOT_CLASS = YES_ERROR;
				CLANG_WARN_SUSPICIOUS_MOVE = YES;
				CLANG_WARN_UNREACHABLE_CODE = YES;
				CLANG_WARN__DUPLICATE_METHOD_MATCH = YES;
				"CODE_SIGN_IDENTITY[sdk=iphoneos*]" = "iPhone Developer";
				COPY_PHASE_STRIP = NO;
				DEBUG_INFORMATION_FORMAT = dwarf;
				ENABLE_STRICT_OBJC_MSGSEND = YES;
				ENABLE_TESTABILITY = YES;
				GCC_C_LANGUAGE_STANDARD = gnu99;
				GCC_DYNAMIC_NO_PIC = NO;
				GCC_NO_COMMON_BLOCKS = YES;
				GCC_OPTIMIZATION_LEVEL = 0;
				GCC_PREPROCESSOR_DEFINITIONS = (
					"DEBUG=1",
					"$(inherited)",
				);
				GCC_WARN_64_TO_32_BIT_CONVERSION = YES;
				GCC_WARN_ABOUT_RETURN_TYPE = YES_ERROR;
				GCC_WARN_UNDECLARED_SELECTOR = YES;
				GCC_WARN_UNINITIALIZED_AUTOS = YES_AGGRESSIVE;
				GCC_WARN_UNUSED_FUNCTION = YES;
				GCC_WARN_UNUSED_VARIABLE = YES;
				IPHONEOS_DEPLOYMENT_TARGET = 10.2;
				MTL_ENABLE_DEBUG_INFO = YES;
				ONLY_ACTIVE_ARCH = YES;
				SDKROOT = iphoneos;
				SWIFT_ACTIVE_COMPILATION_CONDITIONS = DEBUG;
				SWIFT_OPTIMIZATION_LEVEL = "-Onone";
				TARGETED_DEVICE_FAMILY = "1,2";
			};
			name = Debug;
		};
		6AEF2B7F1E9288A500CE465E /* Release */ = {
			isa = XCBuildConfiguration;
			buildSettings = {
				ALWAYS_SEARCH_USER_PATHS = NO;
				CLANG_ANALYZER_NONNULL = YES;
				CLANG_CXX_LANGUAGE_STANDARD = "gnu++0x";
				CLANG_CXX_LIBRARY = "libc++";
				CLANG_ENABLE_MODULES = YES;
				CLANG_ENABLE_OBJC_ARC = YES;
				CLANG_WARN_BOOL_CONVERSION = YES;
				CLANG_WARN_CONSTANT_CONVERSION = YES;
				CLANG_WARN_DIRECT_OBJC_ISA_USAGE = YES_ERROR;
				CLANG_WARN_DOCUMENTATION_COMMENTS = YES;
				CLANG_WARN_EMPTY_BODY = YES;
				CLANG_WARN_ENUM_CONVERSION = YES;
				CLANG_WARN_INFINITE_RECURSION = YES;
				CLANG_WARN_INT_CONVERSION = YES;
				CLANG_WARN_OBJC_ROOT_CLASS = YES_ERROR;
				CLANG_WARN_SUSPICIOUS_MOVE = YES;
				CLANG_WARN_UNREACHABLE_CODE = YES;
				CLANG_WARN__DUPLICATE_METHOD_MATCH = YES;
				"CODE_SIGN_IDENTITY[sdk=iphoneos*]" = "iPhone Developer";
				COPY_PHASE_STRIP = NO;
				DEBUG_INFORMATION_FORMAT = "dwarf-with-dsym";
				ENABLE_NS_ASSERTIONS = NO;
				ENABLE_STRICT_OBJC_MSGSEND = YES;
				GCC_C_LANGUAGE_STANDARD = gnu99;
				GCC_NO_COMMON_BLOCKS = YES;
				GCC_WARN_64_TO_32_BIT_CONVERSION = YES;
				GCC_WARN_ABOUT_RETURN_TYPE = YES_ERROR;
				GCC_WARN_UNDECLARED_SELECTOR = YES;
				GCC_WARN_UNINITIALIZED_AUTOS = YES_AGGRESSIVE;
				GCC_WARN_UNUSED_FUNCTION = YES;
				GCC_WARN_UNUSED_VARIABLE = YES;
				IPHONEOS_DEPLOYMENT_TARGET = 10.2;
				MTL_ENABLE_DEBUG_INFO = NO;
				SDKROOT = iphoneos;
				SWIFT_OPTIMIZATION_LEVEL = "-Owholemodule";
				TARGETED_DEVICE_FAMILY = "1,2";
				VALIDATE_PRODUCT = YES;
			};
			name = Release;
		};
		6AEF2B811E9288A500CE465E /* Debug */ = {
			isa = XCBuildConfiguration;
			buildSettings = {
				ASSETCATALOG_COMPILER_APPICON_NAME = AppIcon;
				DEVELOPMENT_TEAM = Q922D8LNNZ;
				INFOPLIST_FILE = WanderSky/Info.plist;
				LD_RUNPATH_SEARCH_PATHS = "$(inherited) @executable_path/Frameworks";
				PRODUCT_BUNDLE_IDENTIFIER = tiago.WanderSky;
				PRODUCT_NAME = "$(TARGET_NAME)";
				SWIFT_VERSION = 3.0;
			};
			name = Debug;
		};
		6AEF2B821E9288A500CE465E /* Release */ = {
			isa = XCBuildConfiguration;
			buildSettings = {
				ASSETCATALOG_COMPILER_APPICON_NAME = AppIcon;
				DEVELOPMENT_TEAM = Q922D8LNNZ;
				INFOPLIST_FILE = WanderSky/Info.plist;
				LD_RUNPATH_SEARCH_PATHS = "$(inherited) @executable_path/Frameworks";
				PRODUCT_BUNDLE_IDENTIFIER = tiago.WanderSky;
				PRODUCT_NAME = "$(TARGET_NAME)";
				SWIFT_VERSION = 3.0;
			};
			name = Release;
		};
/* End XCBuildConfiguration section */

/* Begin XCConfigurationList section */
		6AEF2B631E9288A500CE465E /* Build configuration list for PBXProject "WanderSky" */ = {
			isa = XCConfigurationList;
			buildConfigurations = (
				6AEF2B7E1E9288A500CE465E /* Debug */,
				6AEF2B7F1E9288A500CE465E /* Release */,
			);
			defaultConfigurationIsVisible = 0;
			defaultConfigurationName = Release;
		};
		6AEF2B801E9288A500CE465E /* Build configuration list for PBXNativeTarget "WanderSky" */ = {
			isa = XCConfigurationList;
			buildConfigurations = (
				6AEF2B811E9288A500CE465E /* Debug */,
				6AEF2B821E9288A500CE465E /* Release */,
			);
			defaultConfigurationIsVisible = 0;
			defaultConfigurationName = Release;
		};
/* End XCConfigurationList section */
	};
	rootObject = 6AEF2B601E9288A500CE465E /* Project object */;
}
